PODS:
  - xAlert (1.0.7):
    - xDefine
    - xExtension
    - xKit
  - xDefine (1.0.4)
  - xExtension (1.1.1):
    - xDefine
  - xKit (1.0.7):
    - xDefine
    - xExtension
  - xPicker (1.0.3):
    - xAlert
    - xKit

DEPENDENCIES:
  - xPicker (from `../`)

SPEC REPOS:
  https://github.com/kaibuleite/xSpecs.git:
    - xAlert
    - xDefine
    - xExtension
    - xKit

EXTERNAL SOURCES:
  xPicker:
    :path: "../"

SPEC CHECKSUMS:
  xAlert: b9715279e95f712fdd6a7cb263b543be3ed598cb
  xDefine: ca6c6eef825544db8b43409e66dbff05eca7ac58
  xExtension: 70d1f6b92b268f1e36236f8be26ed86c72628a0b
  xKit: c73bf18bc82b101000b81d226bd0fea3cbba654a
  xPicker: de9f5cf7c274d2c06189179d755ff8688e4db645

PODFILE CHECKSUM: 753e1d6983b7ad38d4b337d57588b3e09d57004c

COCOAPODS: 1.9.1
